
Microsoft Visual Studio Solution File, Format Version 12.00
# Visual Studio Version 17
VisualStudioVersion = 17.3.32825.248
MinimumVisualStudioVersion = 10.0.40219.1
Project("{FAE04EC0-301F-11D3-BF4B-00C04F79EFBC}") = "FileIndexerService", "FileIndexerService\FileIndexerService.csproj", "{84BC2BA9-CE40-4B04-9FCA-94B2E39AEE75}"
EndProject
Global
	GlobalSection(SolutionConfigurationPlatforms) = preSolution
		Debug|Any CPU = Debug|Any CPU
		Release|Any CPU = Release|Any CPU
	EndGlobalSection
	GlobalSection(ProjectConfigurationPlatforms) = postSolution
		{84BC2BA9-CE40-4B04-9FCA-94B2E39AEE75}.Debug|Any CPU.ActiveCfg = Debug|Any CPU
		{84BC2BA9-CE40-4B04-9FCA-94B2E39AEE75}.Debug|Any CPU.Build.0 = Debug|Any CPU
		{84BC2BA9-CE40-4B04-9FCA-94B2E39AEE75}.Release|Any CPU.ActiveCfg = Release|Any CPU
		{84BC2BA9-CE40-4B04-9FCA-94B2E39AEE75}.Release|Any CPU.Build.0 = Release|Any CPU
	EndGlobalSection
	GlobalSection(SolutionProperties) = preSolution
		HideSolutionNode = FALSE
	EndGlobalSection
	GlobalSection(ExtensibilityGlobals) = postSolution
		SolutionGuid = {463D0DCA-40DB-49BA-A2A5-D18E7844E9BA}
	EndGlobalSection
EndGlobal
